
Microsoft Visual Studio Solution File, Format Version 12.00
# Visual Studio Version 17
VisualStudioVersion = 17.3.32929.385
MinimumVisualStudioVersion = 10.0.40219.1
Project("{FAE04EC0-301F-11D3-BF4B-00C04F79EFBC}") = "backend", "backend\backend.csproj", "{22D677F7-2677-4EAC-A045-A0186515258E}"
EndProject
Global
	GlobalSection(SolutionConfigurationPlatforms) = preSolution
		Debug|Any CPU = Debug|Any CPU
		Release|Any CPU = Release|Any CPU
	EndGlobalSection
	GlobalSection(ProjectConfigurationPlatforms) = postSolution
		{22D677F7-2677-4EAC-A045-A0186515258E}.Debug|Any CPU.ActiveCfg = Debug|Any CPU
		{22D677F7-2677-4EAC-A045-A0186515258E}.Debug|Any CPU.Build.0 = Debug|Any CPU
		{22D677F7-2677-4EAC-A045-A0186515258E}.Release|Any CPU.ActiveCfg = Release|Any CPU
		{22D677F7-2677-4EAC-A045-A0186515258E}.Release|Any CPU.Build.0 = Release|Any CPU
	EndGlobalSection
	GlobalSection(SolutionProperties) = preSolution
		HideSolutionNode = FALSE
	EndGlobalSection
	GlobalSection(ExtensibilityGlobals) = postSolution
		SolutionGuid = {B23CA2D9-15D3-45D8-A03C-B1784F7F51D8}
	EndGlobalSection
EndGlobal
